
Microsoft Visual Studio Solution File, Format Version 12.00
# Visual Studio Version 16
VisualStudioVersion = 25.0.1704.2
MinimumVisualStudioVersion = 10.0.40219.1
Project("{FAE04EC0-301F-11D3-BF4B-00C04F79EFBC}") = "chat-gpt", "chat-gpt.csproj", "{E53974CE-EA08-4314-9FD0-53E809973A2E}"
EndProject
Global
	GlobalSection(SolutionConfigurationPlatforms) = preSolution
		Debug|Any CPU = Debug|Any CPU
		Release|Any CPU = Release|Any CPU
	EndGlobalSection
	GlobalSection(ProjectConfigurationPlatforms) = postSolution
		{E53974CE-EA08-4314-9FD0-53E809973A2E}.Debug|Any CPU.ActiveCfg = Debug|Any CPU
		{E53974CE-EA08-4314-9FD0-53E809973A2E}.Debug|Any CPU.Build.0 = Debug|Any CPU
		{E53974CE-EA08-4314-9FD0-53E809973A2E}.Release|Any CPU.ActiveCfg = Release|Any CPU
		{E53974CE-EA08-4314-9FD0-53E809973A2E}.Release|Any CPU.Build.0 = Release|Any CPU
	EndGlobalSection
	GlobalSection(SolutionProperties) = preSolution
		HideSolutionNode = FALSE
	EndGlobalSection
	GlobalSection(ExtensibilityGlobals) = postSolution
		SolutionGuid = {644BA364-29BF-400B-9F58-380CE534E104}
	EndGlobalSection
EndGlobal
