
Microsoft Visual Studio Solution File, Format Version 12.00
# Visual Studio Version 16
VisualStudioVersion = 25.0.1704.2
MinimumVisualStudioVersion = 10.0.40219.1
Project("{FAE04EC0-301F-11D3-BF4B-00C04F79EFBC}") = "ChatGPT.console", "ChatGPT.console.csproj", "{D4E846DB-B2D8-453D-9639-DFA736EEB784}"
EndProject
Global
	GlobalSection(SolutionConfigurationPlatforms) = preSolution
		Debug|Any CPU = Debug|Any CPU
		Release|Any CPU = Release|Any CPU
	EndGlobalSection
	GlobalSection(ProjectConfigurationPlatforms) = postSolution
		{D4E846DB-B2D8-453D-9639-DFA736EEB784}.Debug|Any CPU.ActiveCfg = Debug|Any CPU
		{D4E846DB-B2D8-453D-9639-DFA736EEB784}.Debug|Any CPU.Build.0 = Debug|Any CPU
		{D4E846DB-B2D8-453D-9639-DFA736EEB784}.Release|Any CPU.ActiveCfg = Release|Any CPU
		{D4E846DB-B2D8-453D-9639-DFA736EEB784}.Release|Any CPU.Build.0 = Release|Any CPU
	EndGlobalSection
	GlobalSection(SolutionProperties) = preSolution
		HideSolutionNode = FALSE
	EndGlobalSection
	GlobalSection(ExtensibilityGlobals) = postSolution
		SolutionGuid = {8ED2823C-5678-48B2-A4BE-F41CB9B81C2A}
	EndGlobalSection
EndGlobal
